
Microsoft Visual Studio Solution File, Format Version 12.00
# Visual Studio Version 16
VisualStudioVersion = 16.0.30413.136
MinimumVisualStudioVersion = 10.0.40219.1
Project("{FAE04EC0-301F-11D3-BF4B-00C04F79EFBC}") = "Internship_Section2", "Internship_Section2\Internship_Section2.csproj", "{566C2F3B-4850-4D4C-9F88-12A8B503607A}"
EndProject
Global
	GlobalSection(SolutionConfigurationPlatforms) = preSolution
		Debug|Any CPU = Debug|Any CPU
		Release|Any CPU = Release|Any CPU
	EndGlobalSection
	GlobalSection(ProjectConfigurationPlatforms) = postSolution
		{566C2F3B-4850-4D4C-9F88-12A8B503607A}.Debug|Any CPU.ActiveCfg = Debug|Any CPU
		{566C2F3B-4850-4D4C-9F88-12A8B503607A}.Debug|Any CPU.Build.0 = Debug|Any CPU
		{566C2F3B-4850-4D4C-9F88-12A8B503607A}.Release|Any CPU.ActiveCfg = Release|Any CPU
		{566C2F3B-4850-4D4C-9F88-12A8B503607A}.Release|Any CPU.Build.0 = Release|Any CPU
	EndGlobalSection
	GlobalSection(SolutionProperties) = preSolution
		HideSolutionNode = FALSE
	EndGlobalSection
	GlobalSection(ExtensibilityGlobals) = postSolution
		SolutionGuid = {209A1B09-EBE0-45A3-89DB-FE157F1B9BAE}
	EndGlobalSection
EndGlobal
